
Microsoft Visual Studio Solution File, Format Version 12.00
# Visual Studio Version 16
VisualStudioVersion = 16.0.31515.178
MinimumVisualStudioVersion = 10.0.40219.1
Project("{FAE04EC0-301F-11D3-BF4B-00C04F79EFBC}") = "Tech2Success.LogsParser", "Tech2Success.LogsParser\Tech2Success.LogsParser.csproj", "{BC85CE7A-5BF5-4138-98B5-3CD1FCE52F2C}"
EndProject
Global
	GlobalSection(SolutionConfigurationPlatforms) = preSolution
		Debug|Any CPU = Debug|Any CPU
		Release|Any CPU = Release|Any CPU
	EndGlobalSection
	GlobalSection(ProjectConfigurationPlatforms) = postSolution
		{BC85CE7A-5BF5-4138-98B5-3CD1FCE52F2C}.Debug|Any CPU.ActiveCfg = Debug|Any CPU
		{BC85CE7A-5BF5-4138-98B5-3CD1FCE52F2C}.Debug|Any CPU.Build.0 = Debug|Any CPU
		{BC85CE7A-5BF5-4138-98B5-3CD1FCE52F2C}.Release|Any CPU.ActiveCfg = Release|Any CPU
		{BC85CE7A-5BF5-4138-98B5-3CD1FCE52F2C}.Release|Any CPU.Build.0 = Release|Any CPU
	EndGlobalSection
	GlobalSection(SolutionProperties) = preSolution
		HideSolutionNode = FALSE
	EndGlobalSection
	GlobalSection(ExtensibilityGlobals) = postSolution
		SolutionGuid = {8A29E3EA-8BE7-4DB6-BA3D-E3DBE11111FD}
	EndGlobalSection
EndGlobal
